
Microsoft Visual Studio Solution File, Format Version 12.00
# Visual Studio Version 17
VisualStudioVersion = 17.14.36121.58 d17.14
MinimumVisualStudioVersion = 10.0.40219.1
Project("{FAE04EC0-301F-11D3-BF4B-00C04F79EFBC}") = "To-DoApp", "To-DoApp\To-DoApp.csproj", "{B023A53F-1D35-4B75-AB10-F9BA88853002}"
EndProject
Global
	GlobalSection(SolutionConfigurationPlatforms) = preSolution
		Debug|Any CPU = Debug|Any CPU
		Release|Any CPU = Release|Any CPU
	EndGlobalSection
	GlobalSection(ProjectConfigurationPlatforms) = postSolution
		{B023A53F-1D35-4B75-AB10-F9BA88853002}.Debug|Any CPU.ActiveCfg = Debug|Any CPU
		{B023A53F-1D35-4B75-AB10-F9BA88853002}.Debug|Any CPU.Build.0 = Debug|Any CPU
		{B023A53F-1D35-4B75-AB10-F9BA88853002}.Release|Any CPU.ActiveCfg = Release|Any CPU
		{B023A53F-1D35-4B75-AB10-F9BA88853002}.Release|Any CPU.Build.0 = Release|Any CPU
	EndGlobalSection
	GlobalSection(SolutionProperties) = preSolution
		HideSolutionNode = FALSE
	EndGlobalSection
	GlobalSection(ExtensibilityGlobals) = postSolution
		SolutionGuid = {97D04F44-6885-447A-B9ED-E13AA1D27D58}
	EndGlobalSection
EndGlobal
